
Microsoft Visual Studio Solution File, Format Version 12.00
Project("{FAE04EC0-301F-11D3-BF4B-00C04F79EFBC}") = "ZooBackend", "apps\ZooBackend\ZooBackend.csproj", "{F44D2D7E-DB0B-4E71-9A17-B79C8F4097CB}"
EndProject
Project("{2150E333-8FDC-42A3-9474-1A3956D46DE8}") = "apps", "apps", "{63950C11-04F2-4FE2-8826-1A06A6D10BF4}"
EndProject
Project("{2150E333-8FDC-42A3-9474-1A3956D46DE8}") = "src", "src", "{A5A6D6DF-D299-4976-8890-F49ED163C3E2}"
EndProject
Project("{FAE04EC0-301F-11D3-BF4B-00C04F79EFBC}") = "Shared", "src\Shared\Shared.csproj", "{59B2E270-5B03-4D31-AD07-8BE7C382CB6D}"
EndProject
Project("{FAE04EC0-301F-11D3-BF4B-00C04F79EFBC}") = "Zoo", "src\Zoo\Zoo.csproj", "{4C6A3C2A-890C-4A58-A814-8140D0DEE301}"
EndProject
Global
	GlobalSection(SolutionConfigurationPlatforms) = preSolution
		Debug|Any CPU = Debug|Any CPU
		Release|Any CPU = Release|Any CPU
	EndGlobalSection
	GlobalSection(ProjectConfigurationPlatforms) = postSolution
		{F44D2D7E-DB0B-4E71-9A17-B79C8F4097CB}.Debug|Any CPU.ActiveCfg = Debug|Any CPU
		{F44D2D7E-DB0B-4E71-9A17-B79C8F4097CB}.Debug|Any CPU.Build.0 = Debug|Any CPU
		{F44D2D7E-DB0B-4E71-9A17-B79C8F4097CB}.Release|Any CPU.ActiveCfg = Release|Any CPU
		{F44D2D7E-DB0B-4E71-9A17-B79C8F4097CB}.Release|Any CPU.Build.0 = Release|Any CPU
		{59B2E270-5B03-4D31-AD07-8BE7C382CB6D}.Debug|Any CPU.ActiveCfg = Debug|Any CPU
		{59B2E270-5B03-4D31-AD07-8BE7C382CB6D}.Debug|Any CPU.Build.0 = Debug|Any CPU
		{59B2E270-5B03-4D31-AD07-8BE7C382CB6D}.Release|Any CPU.ActiveCfg = Release|Any CPU
		{59B2E270-5B03-4D31-AD07-8BE7C382CB6D}.Release|Any CPU.Build.0 = Release|Any CPU
		{4C6A3C2A-890C-4A58-A814-8140D0DEE301}.Debug|Any CPU.ActiveCfg = Debug|Any CPU
		{4C6A3C2A-890C-4A58-A814-8140D0DEE301}.Debug|Any CPU.Build.0 = Debug|Any CPU
		{4C6A3C2A-890C-4A58-A814-8140D0DEE301}.Release|Any CPU.ActiveCfg = Release|Any CPU
		{4C6A3C2A-890C-4A58-A814-8140D0DEE301}.Release|Any CPU.Build.0 = Release|Any CPU
	EndGlobalSection
	GlobalSection(NestedProjects) = preSolution
		{F44D2D7E-DB0B-4E71-9A17-B79C8F4097CB} = {63950C11-04F2-4FE2-8826-1A06A6D10BF4}
		{59B2E270-5B03-4D31-AD07-8BE7C382CB6D} = {A5A6D6DF-D299-4976-8890-F49ED163C3E2}
		{4C6A3C2A-890C-4A58-A814-8140D0DEE301} = {A5A6D6DF-D299-4976-8890-F49ED163C3E2}
	EndGlobalSection
EndGlobal
